
Microsoft Visual Studio Solution File, Format Version 12.00
# Visual Studio Version 16
VisualStudioVersion = 16.0.31321.278
MinimumVisualStudioVersion = 10.0.40219.1
Project("{FAE04EC0-301F-11D3-BF4B-00C04F79EFBC}") = "Queues_Carmichael_Nathan", "Queues_Carmichael_Nathan\Queues_Carmichael_Nathan.csproj", "{2DF29751-D016-4E0B-8E28-ACACB4A201AE}"
EndProject
Global
	GlobalSection(SolutionConfigurationPlatforms) = preSolution
		Debug|Any CPU = Debug|Any CPU
		Release|Any CPU = Release|Any CPU
	EndGlobalSection
	GlobalSection(ProjectConfigurationPlatforms) = postSolution
		{2DF29751-D016-4E0B-8E28-ACACB4A201AE}.Debug|Any CPU.ActiveCfg = Debug|Any CPU
		{2DF29751-D016-4E0B-8E28-ACACB4A201AE}.Debug|Any CPU.Build.0 = Debug|Any CPU
		{2DF29751-D016-4E0B-8E28-ACACB4A201AE}.Release|Any CPU.ActiveCfg = Release|Any CPU
		{2DF29751-D016-4E0B-8E28-ACACB4A201AE}.Release|Any CPU.Build.0 = Release|Any CPU
	EndGlobalSection
	GlobalSection(SolutionProperties) = preSolution
		HideSolutionNode = FALSE
	EndGlobalSection
	GlobalSection(ExtensibilityGlobals) = postSolution
		SolutionGuid = {28CA069A-AF91-495A-BEFE-19EDEB76E0DF}
	EndGlobalSection
EndGlobal
