
Microsoft Visual Studio Solution File, Format Version 12.00
# Visual Studio Version 16
VisualStudioVersion = 16.0.31321.278
MinimumVisualStudioVersion = 10.0.40219.1
Project("{FAE04EC0-301F-11D3-BF4B-00C04F79EFBC}") = "Enums_Carmichael_Nathan", "Enums_Carmichael_Nathan\Enums_Carmichael_Nathan.csproj", "{002E65F0-13EE-47ED-8B92-70D142FD75DD}"
EndProject
Global
	GlobalSection(SolutionConfigurationPlatforms) = preSolution
		Debug|Any CPU = Debug|Any CPU
		Release|Any CPU = Release|Any CPU
	EndGlobalSection
	GlobalSection(ProjectConfigurationPlatforms) = postSolution
		{002E65F0-13EE-47ED-8B92-70D142FD75DD}.Debug|Any CPU.ActiveCfg = Debug|Any CPU
		{002E65F0-13EE-47ED-8B92-70D142FD75DD}.Debug|Any CPU.Build.0 = Debug|Any CPU
		{002E65F0-13EE-47ED-8B92-70D142FD75DD}.Release|Any CPU.ActiveCfg = Release|Any CPU
		{002E65F0-13EE-47ED-8B92-70D142FD75DD}.Release|Any CPU.Build.0 = Release|Any CPU
	EndGlobalSection
	GlobalSection(SolutionProperties) = preSolution
		HideSolutionNode = FALSE
	EndGlobalSection
	GlobalSection(ExtensibilityGlobals) = postSolution
		SolutionGuid = {38159FF5-9695-46B5-8313-F327899BA881}
	EndGlobalSection
EndGlobal
