
Microsoft Visual Studio Solution File, Format Version 12.00
# Visual Studio Version 16
VisualStudioVersion = 16.0.31321.278
MinimumVisualStudioVersion = 10.0.40219.1
Project("{FAE04EC0-301F-11D3-BF4B-00C04F79EFBC}") = "Arrays_Carmichael_Nathan", "Arrays_Carmichael_Nathan\Arrays_Carmichael_Nathan.csproj", "{F4ACCA27-C64B-4151-83CC-6573273F8191}"
EndProject
Global
	GlobalSection(SolutionConfigurationPlatforms) = preSolution
		Debug|Any CPU = Debug|Any CPU
		Release|Any CPU = Release|Any CPU
	EndGlobalSection
	GlobalSection(ProjectConfigurationPlatforms) = postSolution
		{F4ACCA27-C64B-4151-83CC-6573273F8191}.Debug|Any CPU.ActiveCfg = Debug|Any CPU
		{F4ACCA27-C64B-4151-83CC-6573273F8191}.Debug|Any CPU.Build.0 = Debug|Any CPU
		{F4ACCA27-C64B-4151-83CC-6573273F8191}.Release|Any CPU.ActiveCfg = Release|Any CPU
		{F4ACCA27-C64B-4151-83CC-6573273F8191}.Release|Any CPU.Build.0 = Release|Any CPU
	EndGlobalSection
	GlobalSection(SolutionProperties) = preSolution
		HideSolutionNode = FALSE
	EndGlobalSection
	GlobalSection(ExtensibilityGlobals) = postSolution
		SolutionGuid = {AC24DD29-EF9F-46FD-95A1-74CF9EFB725C}
	EndGlobalSection
EndGlobal
