
Microsoft Visual Studio Solution File, Format Version 12.00
# Visual Studio Version 16
VisualStudioVersion = 16.0.31321.278
MinimumVisualStudioVersion = 10.0.40219.1
Project("{FAE04EC0-301F-11D3-BF4B-00C04F79EFBC}") = "Objects_Carmichael_Nathan", "Objects_Carmichael_Nathan\Objects_Carmichael_Nathan.csproj", "{CBF8E665-CD99-491A-8E7D-4185B5898819}"
EndProject
Global
	GlobalSection(SolutionConfigurationPlatforms) = preSolution
		Debug|Any CPU = Debug|Any CPU
		Release|Any CPU = Release|Any CPU
	EndGlobalSection
	GlobalSection(ProjectConfigurationPlatforms) = postSolution
		{CBF8E665-CD99-491A-8E7D-4185B5898819}.Debug|Any CPU.ActiveCfg = Debug|Any CPU
		{CBF8E665-CD99-491A-8E7D-4185B5898819}.Debug|Any CPU.Build.0 = Debug|Any CPU
		{CBF8E665-CD99-491A-8E7D-4185B5898819}.Release|Any CPU.ActiveCfg = Release|Any CPU
		{CBF8E665-CD99-491A-8E7D-4185B5898819}.Release|Any CPU.Build.0 = Release|Any CPU
	EndGlobalSection
	GlobalSection(SolutionProperties) = preSolution
		HideSolutionNode = FALSE
	EndGlobalSection
	GlobalSection(ExtensibilityGlobals) = postSolution
		SolutionGuid = {03A38D7D-C19E-418D-A21D-3EC8A1C77A22}
	EndGlobalSection
EndGlobal
